
Microsoft Visual Studio Solution File, Format Version 12.00
# Visual Studio Version 16
VisualStudioVersion = 16.0.31220.234
MinimumVisualStudioVersion = 10.0.40219.1
Project("{FAE04EC0-301F-11D3-BF4B-00C04F79EFBC}") = "FrameworkWebApp1", "FrameworkWebApp1\FrameworkWebApp1.csproj", "{C4154FC8-A97C-40A1-994B-9283541D3AB6}"
EndProject
Project("{FAE04EC0-301F-11D3-BF4B-00C04F79EFBC}") = "CoreMvcWebApp", "CoreWebApp4\CoreMvcWebApp.csproj", "{A3CE27E5-A64F-466E-A2F2-940A24C42352}"
EndProject
Global
	GlobalSection(SolutionConfigurationPlatforms) = preSolution
		Debug|Any CPU = Debug|Any CPU
		Release|Any CPU = Release|Any CPU
	EndGlobalSection
	GlobalSection(ProjectConfigurationPlatforms) = postSolution
		{C4154FC8-A97C-40A1-994B-9283541D3AB6}.Debug|Any CPU.ActiveCfg = Debug|Any CPU
		{C4154FC8-A97C-40A1-994B-9283541D3AB6}.Debug|Any CPU.Build.0 = Debug|Any CPU
		{C4154FC8-A97C-40A1-994B-9283541D3AB6}.Release|Any CPU.ActiveCfg = Release|Any CPU
		{C4154FC8-A97C-40A1-994B-9283541D3AB6}.Release|Any CPU.Build.0 = Release|Any CPU
		{A3CE27E5-A64F-466E-A2F2-940A24C42352}.Debug|Any CPU.ActiveCfg = Debug|Any CPU
		{A3CE27E5-A64F-466E-A2F2-940A24C42352}.Debug|Any CPU.Build.0 = Debug|Any CPU
		{A3CE27E5-A64F-466E-A2F2-940A24C42352}.Release|Any CPU.ActiveCfg = Release|Any CPU
		{A3CE27E5-A64F-466E-A2F2-940A24C42352}.Release|Any CPU.Build.0 = Release|Any CPU
	EndGlobalSection
	GlobalSection(SolutionProperties) = preSolution
		HideSolutionNode = FALSE
	EndGlobalSection
	GlobalSection(ExtensibilityGlobals) = postSolution
		SolutionGuid = {8B3987C9-E448-48D1-A460-24623170618E}
	EndGlobalSection
EndGlobal
